
Microsoft Visual Studio Solution File, Format Version 11.00
# Visual Studio 2010
Project("{FAE04EC0-301F-11D3-BF4B-00C04F79EFBC}") = "MonoDevelop.MonoGame", "MonoDevelop.MonoGame\MonoDevelop.MonoGame.csproj", "{DEFFDDB9-F86B-452F-B1B2-6379DB6D10EA}"
EndProject
Project("{FAE04EC0-301F-11D3-BF4B-00C04F79EFBC}") = "MonoDevelop.MonoGame.MacOS", "MonoDevelop.MonoGame\MonoDevelop.MonoGame.MacOS.csproj", "{1A5D6855-2C68-4B3B-9867-7B8A25729B20}"
EndProject
Global
	GlobalSection(SolutionConfigurationPlatforms) = preSolution
		Debug|Any CPU = Debug|Any CPU
		Release|Any CPU = Release|Any CPU
		ReleaseLinux|Any CPU = ReleaseLinux|Any CPU
	EndGlobalSection
	GlobalSection(ProjectConfigurationPlatforms) = postSolution
		{1A5D6855-2C68-4B3B-9867-7B8A25729B20}.Debug|Any CPU.ActiveCfg = Debug|Any CPU
		{1A5D6855-2C68-4B3B-9867-7B8A25729B20}.Debug|Any CPU.Build.0 = Debug|Any CPU
		{1A5D6855-2C68-4B3B-9867-7B8A25729B20}.Release|Any CPU.ActiveCfg = Release|Any CPU
		{1A5D6855-2C68-4B3B-9867-7B8A25729B20}.Release|Any CPU.Build.0 = Release|Any CPU
		{1A5D6855-2C68-4B3B-9867-7B8A25729B20}.ReleaseLinux|Any CPU.ActiveCfg = ReleaseLinux|Any CPU
		{1A5D6855-2C68-4B3B-9867-7B8A25729B20}.ReleaseLinux|Any CPU.Build.0 = ReleaseLinux|Any CPU
		{DEFFDDB9-F86B-452F-B1B2-6379DB6D10EA}.Debug|Any CPU.ActiveCfg = Debug|Any CPU
		{DEFFDDB9-F86B-452F-B1B2-6379DB6D10EA}.Debug|Any CPU.Build.0 = Debug|Any CPU
		{DEFFDDB9-F86B-452F-B1B2-6379DB6D10EA}.Release|Any CPU.ActiveCfg = Release|Any CPU
		{DEFFDDB9-F86B-452F-B1B2-6379DB6D10EA}.Release|Any CPU.Build.0 = Release|Any CPU
		{DEFFDDB9-F86B-452F-B1B2-6379DB6D10EA}.ReleaseLinux|Any CPU.ActiveCfg = ReleaseLinux|Any CPU
		{DEFFDDB9-F86B-452F-B1B2-6379DB6D10EA}.ReleaseLinux|Any CPU.Build.0 = ReleaseLinux|Any CPU
	EndGlobalSection
	GlobalSection(MonoDevelopProperties) = preSolution
		StartupItem = MonoDevelop.MonoGame\MonoDevelop.MonoGame.MacOS.csproj
	EndGlobalSection
	GlobalSection(SolutionProperties) = preSolution
		HideSolutionNode = FALSE
	EndGlobalSection
EndGlobal
